
Microsoft Visual Studio Solution File, Format Version 12.00
# Visual Studio Version 16
VisualStudioVersion = 16.0.31829.152
MinimumVisualStudioVersion = 10.0.40219.1
Project("{9A19103F-16F7-4668-BE54-9A1E7A4F7556}") = "OlympusPhotoBoothWPF", "OlympusPhotoBoothWPF.csproj", "{5C7BF6C7-1F56-47DF-94BE-1CFD10AA2214}"
EndProject
Project("{2150E333-8FDC-42A3-9474-1A3956D46DE8}") = "Solution Items", "Solution Items", "{747B432B-C04D-4CB3-ABB0-049795D2F770}"
	ProjectSection(SolutionItems) = preProject
		appSettings.json = appSettings.json
	EndProjectSection
EndProject
Global
	GlobalSection(SolutionConfigurationPlatforms) = preSolution
		Debug|Any CPU = Debug|Any CPU
		Release|Any CPU = Release|Any CPU
	EndGlobalSection
	GlobalSection(ProjectConfigurationPlatforms) = postSolution
		{5C7BF6C7-1F56-47DF-94BE-1CFD10AA2214}.Debug|Any CPU.ActiveCfg = Debug|Any CPU
		{5C7BF6C7-1F56-47DF-94BE-1CFD10AA2214}.Debug|Any CPU.Build.0 = Debug|Any CPU
		{5C7BF6C7-1F56-47DF-94BE-1CFD10AA2214}.Release|Any CPU.ActiveCfg = Release|Any CPU
		{5C7BF6C7-1F56-47DF-94BE-1CFD10AA2214}.Release|Any CPU.Build.0 = Release|Any CPU
	EndGlobalSection
	GlobalSection(SolutionProperties) = preSolution
		HideSolutionNode = FALSE
	EndGlobalSection
	GlobalSection(ExtensibilityGlobals) = postSolution
		SolutionGuid = {99D8C9AB-54AD-41A2-9099-F6AFFBDD26F5}
	EndGlobalSection
EndGlobal
